
Microsoft Visual Studio Solution File, Format Version 12.00
# Visual Studio 15
Project("{FAE04EC0-301F-11D3-BF4B-00C04F79EFBC}") = "Unity.Timeline", "Unity.Timeline.csproj", "{5E0BA0B9-D352-AE93-6504-FADEC444F707}"
EndProject
Project("{FAE04EC0-301F-11D3-BF4B-00C04F79EFBC}") = "Unity.InputSystem", "Unity.InputSystem.csproj", "{E56D0156-8DEE-8FCA-FDC6-ED36356EE67A}"
EndProject
Project("{FAE04EC0-301F-11D3-BF4B-00C04F79EFBC}") = "Unity.ShaderGraph.Editor", "Unity.ShaderGraph.Editor.csproj", "{25305CDE-B4AC-2A87-BD8D-8FFA98A993F1}"
EndProject
Project("{FAE04EC0-301F-11D3-BF4B-00C04F79EFBC}") = "Unity.2D.Aseprite.Editor", "Unity.2D.Aseprite.Editor.csproj", "{818D0E25-6EB8-74DA-EAD1-FFCB6F9474FF}"
EndProject
Project("{FAE04EC0-301F-11D3-BF4B-00C04F79EFBC}") = "Unity.VisualScripting.Flow", "Unity.VisualScripting.Flow.csproj", "{EA6355E7-A0F7-00ED-C656-B6C6387C3F0A}"
EndProject
Project("{FAE04EC0-301F-11D3-BF4B-00C04F79EFBC}") = "Unity.RenderPipelines.Universal.Runtime", "Unity.RenderPipelines.Universal.Runtime.csproj", "{F13F13C8-8B8B-8291-8B1F-4F53B835F1D7}"
EndProject
Project("{FAE04EC0-301F-11D3-BF4B-00C04F79EFBC}") = "UnityEditor.UI", "UnityEditor.UI.csproj", "{5C67C5EC-4C67-DCDF-33BB-D128D4F730A8}"
EndProject
Project("{FAE04EC0-301F-11D3-BF4B-00C04F79EFBC}") = "Unity.Timeline.Editor", "Unity.Timeline.Editor.csproj", "{4F164705-03B1-CB56-709D-1361F214F3BF}"
EndProject
Project("{FAE04EC0-301F-11D3-BF4B-00C04F79EFBC}") = "Unity.PlasticSCM.Editor", "Unity.PlasticSCM.Editor.csproj", "{6404BCF7-2165-9710-E5FB-53DC1ED2137E}"
EndProject
Project("{FAE04EC0-301F-11D3-BF4B-00C04F79EFBC}") = "Unity.RenderPipelines.Core.Runtime", "Unity.RenderPipelines.Core.Runtime.csproj", "{2AAC084E-3ACB-5C82-FC05-AD74EBEC4CA7}"
EndProject
Project("{FAE04EC0-301F-11D3-BF4B-00C04F79EFBC}") = "Unity.Mathematics", "Unity.Mathematics.csproj", "{BFCC916B-E692-7F70-EFC8-1F8D060DFC2E}"
EndProject
Project("{FAE04EC0-301F-11D3-BF4B-00C04F79EFBC}") = "Unity.RenderPipelines.Core.Editor", "Unity.RenderPipelines.Core.Editor.csproj", "{C08ED6B4-05BC-9831-E5FF-6C81BC39B4C3}"
EndProject
Project("{FAE04EC0-301F-11D3-BF4B-00C04F79EFBC}") = "Unity.2D.Common.Path.Editor", "Unity.2D.Common.Path.Editor.csproj", "{8C9DFFC9-61FE-AB1A-1C94-FC90081C5607}"
EndProject
Project("{FAE04EC0-301F-11D3-BF4B-00C04F79EFBC}") = "Unity.2D.Psdimporter.Editor", "Unity.2D.Psdimporter.Editor.csproj", "{1A961EA7-8F02-34CA-34EE-1CC5B8CD57C2}"
EndProject
Project("{FAE04EC0-301F-11D3-BF4B-00C04F79EFBC}") = "Unity.VisualScripting.Core.Editor", "Unity.VisualScripting.Core.Editor.csproj", "{EF44CD43-8EFC-28A8-D08B-931FBD569697}"
EndProject
Project("{FAE04EC0-301F-11D3-BF4B-00C04F79EFBC}") = "Unity.2D.IK.Runtime", "Unity.2D.IK.Runtime.csproj", "{8DDDBC8F-8882-F4D8-4936-BA36BB73840A}"
EndProject
Project("{FAE04EC0-301F-11D3-BF4B-00C04F79EFBC}") = "UnityEditor.TestRunner", "UnityEditor.TestRunner.csproj", "{B9E1838C-5B1A-06A5-A269-866EE630E4D3}"
EndProject
Project("{FAE04EC0-301F-11D3-BF4B-00C04F79EFBC}") = "Unity.RenderPipelines.Universal.Editor", "Unity.RenderPipelines.Universal.Editor.csproj", "{1686F218-0D0E-7971-5472-BC230F676722}"
EndProject
Project("{FAE04EC0-301F-11D3-BF4B-00C04F79EFBC}") = "Unity.TextMeshPro.Editor", "Unity.TextMeshPro.Editor.csproj", "{6D1060DF-C137-1AFE-1A84-5E8B719C0503}"
EndProject
Project("{FAE04EC0-301F-11D3-BF4B-00C04F79EFBC}") = "Unity.VisualScripting.Flow.Editor", "Unity.VisualScripting.Flow.Editor.csproj", "{DAAEF101-7AAE-FC13-DD77-9F0930BE018D}"
EndProject
Project("{FAE04EC0-301F-11D3-BF4B-00C04F79EFBC}") = "UnityEngine.TestRunner", "UnityEngine.TestRunner.csproj", "{3157874B-CB70-FD64-BE91-B6F50ED0FCC5}"
EndProject
Project("{FAE04EC0-301F-11D3-BF4B-00C04F79EFBC}") = "Unity.VisualScripting.Core", "Unity.VisualScripting.Core.csproj", "{E1654ADA-6CBD-2419-1015-B5A90E37C557}"
EndProject
Project("{FAE04EC0-301F-11D3-BF4B-00C04F79EFBC}") = "Unity.2D.Tilemap.Editor", "Unity.2D.Tilemap.Editor.csproj", "{29E8F056-121E-A61A-C0C9-740C33D864F1}"
EndProject
Project("{FAE04EC0-301F-11D3-BF4B-00C04F79EFBC}") = "Unity.Searcher.Editor", "Unity.Searcher.Editor.csproj", "{014F246F-CD3B-4E0F-276E-C8032905F7B9}"
EndProject
Project("{FAE04EC0-301F-11D3-BF4B-00C04F79EFBC}") = "Unity.Burst", "Unity.Burst.csproj", "{19831B84-373F-2244-42E3-A6A9012F4ED4}"
EndProject
Project("{FAE04EC0-301F-11D3-BF4B-00C04F79EFBC}") = "PsdPlugin", "PsdPlugin.csproj", "{251C97A9-80BA-C715-BE65-FA1AD6EA66C6}"
EndProject
Project("{FAE04EC0-301F-11D3-BF4B-00C04F79EFBC}") = "Unity.Collections", "Unity.Collections.csproj", "{F5552FBF-F7FE-1750-69CD-CFF3D24C3991}"
EndProject
Project("{FAE04EC0-301F-11D3-BF4B-00C04F79EFBC}") = "Cinemachine", "Cinemachine.csproj", "{61D53433-AB56-854D-B14B-57A47ADD1F58}"
EndProject
Project("{FAE04EC0-301F-11D3-BF4B-00C04F79EFBC}") = "Unity.2D.Animation.Editor", "Unity.2D.Animation.Editor.csproj", "{F13DC055-1A48-45C8-07E0-5F3940077DF1}"
EndProject
Project("{FAE04EC0-301F-11D3-BF4B-00C04F79EFBC}") = "Unity.2D.SpriteShape.Editor", "Unity.2D.SpriteShape.Editor.csproj", "{B9D9F6B0-93C5-1675-87AE-F3C62F1B022F}"
EndProject
Project("{FAE04EC0-301F-11D3-BF4B-00C04F79EFBC}") = "Unity.VisualStudio.Editor", "Unity.VisualStudio.Editor.csproj", "{F50CF553-6CC2-FF26-CDC4-8ED32FC8995F}"
EndProject
Project("{FAE04EC0-301F-11D3-BF4B-00C04F79EFBC}") = "PPv2URPConverters", "PPv2URPConverters.csproj", "{9E0E88B3-DAA7-9C89-8447-5744A608428D}"
EndProject
Project("{FAE04EC0-301F-11D3-BF4B-00C04F79EFBC}") = "Assembly-CSharp", "Assembly-CSharp.csproj", "{8A81408B-B787-564A-8B22-7EC0360E0B79}"
EndProject
Project("{FAE04EC0-301F-11D3-BF4B-00C04F79EFBC}") = "Unity.Rider.Editor", "Unity.Rider.Editor.csproj", "{816B1CDD-5783-A4B4-8044-DD2F82F8535C}"
EndProject
Project("{FAE04EC0-301F-11D3-BF4B-00C04F79EFBC}") = "Unity.InternalAPIEditorBridge.001", "Unity.InternalAPIEditorBridge.001.csproj", "{B942F4C3-910D-01CB-8157-761820667083}"
EndProject
Project("{FAE04EC0-301F-11D3-BF4B-00C04F79EFBC}") = "Unity.2D.SpriteShape.Runtime", "Unity.2D.SpriteShape.Runtime.csproj", "{3E0FA1F4-FF0D-A6DA-599E-C912D05DCC68}"
EndProject
Project("{FAE04EC0-301F-11D3-BF4B-00C04F79EFBC}") = "Unity.VisualScripting.State.Editor", "Unity.VisualScripting.State.Editor.csproj", "{8557557B-DF18-EBA1-7BB6-DF209BF46C5A}"
EndProject
Project("{FAE04EC0-301F-11D3-BF4B-00C04F79EFBC}") = "com.unity.cinemachine.editor", "com.unity.cinemachine.editor.csproj", "{5C27403A-18DF-9FA5-ABB6-74D7F470096E}"
EndProject
Project("{FAE04EC0-301F-11D3-BF4B-00C04F79EFBC}") = "UnityEngine.UI", "UnityEngine.UI.csproj", "{D26A4CBC-2F3F-1AB5-443A-EBF11206EEF2}"
EndProject
Project("{FAE04EC0-301F-11D3-BF4B-00C04F79EFBC}") = "Unity.Burst.CodeGen", "Unity.Burst.CodeGen.csproj", "{CA16EE3A-049C-56A9-C886-2AD6BB5B015D}"
EndProject
Project("{FAE04EC0-301F-11D3-BF4B-00C04F79EFBC}") = "Unity.RenderPipeline.Universal.ShaderLibrary", "Unity.RenderPipeline.Universal.ShaderLibrary.csproj", "{7DF20ABB-28F3-5BCA-123E-AEAC30AA8149}"
EndProject
Project("{FAE04EC0-301F-11D3-BF4B-00C04F79EFBC}") = "Unity.VisualScripting.State", "Unity.VisualScripting.State.csproj", "{9D943BB5-407D-2DBA-1C5F-0BF650758FF1}"
EndProject
Project("{FAE04EC0-301F-11D3-BF4B-00C04F79EFBC}") = "Unity.TextMeshPro", "Unity.TextMeshPro.csproj", "{F9F28D7A-9F6B-F727-2FC5-17BB6E101589}"
EndProject
Project("{FAE04EC0-301F-11D3-BF4B-00C04F79EFBC}") = "Unity.2D.Tilemap.Extras.Editor", "Unity.2D.Tilemap.Extras.Editor.csproj", "{52D42FA2-C595-1C2E-7246-6413A4FBD5AD}"
EndProject
Project("{FAE04EC0-301F-11D3-BF4B-00C04F79EFBC}") = "Unity.2D.Animation.Runtime", "Unity.2D.Animation.Runtime.csproj", "{FD0A4926-337D-3441-68D1-70A4FB23BA57}"
EndProject
Project("{FAE04EC0-301F-11D3-BF4B-00C04F79EFBC}") = "Unity.VisualScripting.SettingsProvider.Editor", "Unity.VisualScripting.SettingsProvider.Editor.csproj", "{16C2D1F7-98AA-D6F0-0D3F-CE605A9B22B4}"
EndProject
Project("{FAE04EC0-301F-11D3-BF4B-00C04F79EFBC}") = "Unity.2D.IK.Editor", "Unity.2D.IK.Editor.csproj", "{A4C60A19-B923-83A3-37A4-FED6A007F7FA}"
EndProject
Project("{FAE04EC0-301F-11D3-BF4B-00C04F79EFBC}") = "Unity.InternalAPIEngineBridge.001", "Unity.InternalAPIEngineBridge.001.csproj", "{3D9A207E-27E0-0106-E80E-34AF7D939887}"
EndProject
Project("{FAE04EC0-301F-11D3-BF4B-00C04F79EFBC}") = "Unity.2D.Aseprite.Common", "Unity.2D.Aseprite.Common.csproj", "{247A4875-3249-B8AB-97BF-F0AA0216782A}"
EndProject
Project("{FAE04EC0-301F-11D3-BF4B-00C04F79EFBC}") = "Unity.Burst.Editor", "Unity.Burst.Editor.csproj", "{770AAF4A-9F77-4AB1-1084-4AEB46D4753F}"
EndProject
Project("{FAE04EC0-301F-11D3-BF4B-00C04F79EFBC}") = "Unity.2D.Common.Editor", "Unity.2D.Common.Editor.csproj", "{A841821B-1F55-3441-26D5-EABB01AAF2C8}"
EndProject
Project("{FAE04EC0-301F-11D3-BF4B-00C04F79EFBC}") = "Unity.2D.PixelPerfect", "Unity.2D.PixelPerfect.csproj", "{1E6EB886-4198-0E49-2A09-43E6C276B93F}"
EndProject
Project("{FAE04EC0-301F-11D3-BF4B-00C04F79EFBC}") = "Unity.2D.PixelPerfect.Editor", "Unity.2D.PixelPerfect.Editor.csproj", "{780A7418-655D-0097-8A7D-2744FAA4095D}"
EndProject
Project("{FAE04EC0-301F-11D3-BF4B-00C04F79EFBC}") = "Unity.2D.Common.Runtime", "Unity.2D.Common.Runtime.csproj", "{BB26FB1C-079E-E910-3784-43BD3A64A8E3}"
EndProject
Project("{FAE04EC0-301F-11D3-BF4B-00C04F79EFBC}") = "Unity.2D.Sprite.Editor", "Unity.2D.Sprite.Editor.csproj", "{7AE06E8A-D55B-4FBB-AE57-9D256909C675}"
EndProject
Project("{FAE04EC0-301F-11D3-BF4B-00C04F79EFBC}") = "Unity.InputSystem.ForUI", "Unity.InputSystem.ForUI.csproj", "{48317918-250D-0045-159B-30E9379C25BA}"
EndProject
Project("{FAE04EC0-301F-11D3-BF4B-00C04F79EFBC}") = "Unity.Mathematics.Editor", "Unity.Mathematics.Editor.csproj", "{D6FAB97F-4B32-35F3-5EDE-BE0A98E2931C}"
EndProject
Project("{FAE04EC0-301F-11D3-BF4B-00C04F79EFBC}") = "Unity.2D.Tilemap.Extras", "Unity.2D.Tilemap.Extras.csproj", "{5E39969B-296E-2DEC-B224-1D26E0FED49D}"
EndProject
Project("{FAE04EC0-301F-11D3-BF4B-00C04F79EFBC}") = "Unity.InputSystem.TestFramework", "Unity.InputSystem.TestFramework.csproj", "{12C81148-7B13-C72F-98FA-84B59AF6FB9F}"
EndProject
Project("{FAE04EC0-301F-11D3-BF4B-00C04F79EFBC}") = "Unity.ShaderGraph.Utilities", "Unity.ShaderGraph.Utilities.csproj", "{9167E63C-53BB-6F04-F4F1-07E88D4A864E}"
EndProject
Project("{FAE04EC0-301F-11D3-BF4B-00C04F79EFBC}") = "Unity.VisualScripting.Shared.Editor", "Unity.VisualScripting.Shared.Editor.csproj", "{44484971-CB90-0543-B523-12CE0FD605DB}"
EndProject
Project("{FAE04EC0-301F-11D3-BF4B-00C04F79EFBC}") = "Unity.Collections.DocCodeSamples", "Unity.Collections.DocCodeSamples.csproj", "{5D4FD6D8-3051-149A-8A28-E85D8B444C02}"
EndProject
Project("{FAE04EC0-301F-11D3-BF4B-00C04F79EFBC}") = "Unity.Collections.BurstCompatibilityGen", "Unity.Collections.BurstCompatibilityGen.csproj", "{8466162B-CA20-A354-7294-44D8BCFC6F99}"
EndProject
Project("{FAE04EC0-301F-11D3-BF4B-00C04F79EFBC}") = "Unity.RenderPipelines.Universal.Config.Runtime", "Unity.RenderPipelines.Universal.Config.Runtime.csproj", "{C4DBF4E5-B418-324E-16CE-DF785F56A35E}"
EndProject
Project("{FAE04EC0-301F-11D3-BF4B-00C04F79EFBC}") = "Unity.CollabProxy.Editor", "Unity.CollabProxy.Editor.csproj", "{FC4293F7-747E-3C03-429B-4947CB1CB094}"
EndProject
Project("{FAE04EC0-301F-11D3-BF4B-00C04F79EFBC}") = "Unity.RenderPipelines.ShaderGraph.ShaderGraphLibrary", "Unity.RenderPipelines.ShaderGraph.ShaderGraphLibrary.csproj", "{88CF79A9-454D-3A23-2991-315907F91483}"
EndProject
Project("{FAE04EC0-301F-11D3-BF4B-00C04F79EFBC}") = "Unity.RenderPipelines.Core.ShaderLibrary", "Unity.RenderPipelines.Core.ShaderLibrary.csproj", "{A96EBF49-2248-3AAC-DF3B-2CAE6E3F4D3D}"
EndProject
Project("{FAE04EC0-301F-11D3-BF4B-00C04F79EFBC}") = "Unity.RenderPipelines.Universal.Shaders", "Unity.RenderPipelines.Universal.Shaders.csproj", "{816C9A32-163F-9891-7239-B3DF5894927B}"
EndProject
Global
	GlobalSection(SolutionConfigurationPlatforms) = preSolution
		Debug|Any CPU = Debug|Any CPU
		Release|Any CPU = Release|Any CPU
	EndGlobalSection
	GlobalSection(ProjectConfigurationPlatforms) = postSolution
		{5E0BA0B9-D352-AE93-6504-FADEC444F707}.Debug|Any CPU.ActiveCfg = Debug|Any CPU
		{5E0BA0B9-D352-AE93-6504-FADEC444F707}.Debug|Any CPU.Build.0 = Debug|Any CPU
		{5E0BA0B9-D352-AE93-6504-FADEC444F707}.Release|Any CPU.ActiveCfg = Release|Any CPU
		{5E0BA0B9-D352-AE93-6504-FADEC444F707}.Release|Any CPU.Build.0 = Release|Any CPU
		{E56D0156-8DEE-8FCA-FDC6-ED36356EE67A}.Debug|Any CPU.ActiveCfg = Debug|Any CPU
		{E56D0156-8DEE-8FCA-FDC6-ED36356EE67A}.Debug|Any CPU.Build.0 = Debug|Any CPU
		{E56D0156-8DEE-8FCA-FDC6-ED36356EE67A}.Release|Any CPU.ActiveCfg = Release|Any CPU
		{E56D0156-8DEE-8FCA-FDC6-ED36356EE67A}.Release|Any CPU.Build.0 = Release|Any CPU
		{25305CDE-B4AC-2A87-BD8D-8FFA98A993F1}.Debug|Any CPU.ActiveCfg = Debug|Any CPU
		{25305CDE-B4AC-2A87-BD8D-8FFA98A993F1}.Debug|Any CPU.Build.0 = Debug|Any CPU
		{25305CDE-B4AC-2A87-BD8D-8FFA98A993F1}.Release|Any CPU.ActiveCfg = Release|Any CPU
		{25305CDE-B4AC-2A87-BD8D-8FFA98A993F1}.Release|Any CPU.Build.0 = Release|Any CPU
		{818D0E25-6EB8-74DA-EAD1-FFCB6F9474FF}.Debug|Any CPU.ActiveCfg = Debug|Any CPU
		{818D0E25-6EB8-74DA-EAD1-FFCB6F9474FF}.Debug|Any CPU.Build.0 = Debug|Any CPU
		{818D0E25-6EB8-74DA-EAD1-FFCB6F9474FF}.Release|Any CPU.ActiveCfg = Release|Any CPU
		{818D0E25-6EB8-74DA-EAD1-FFCB6F9474FF}.Release|Any CPU.Build.0 = Release|Any CPU
		{EA6355E7-A0F7-00ED-C656-B6C6387C3F0A}.Debug|Any CPU.ActiveCfg = Debug|Any CPU
		{EA6355E7-A0F7-00ED-C656-B6C6387C3F0A}.Debug|Any CPU.Build.0 = Debug|Any CPU
		{EA6355E7-A0F7-00ED-C656-B6C6387C3F0A}.Release|Any CPU.ActiveCfg = Release|Any CPU
		{EA6355E7-A0F7-00ED-C656-B6C6387C3F0A}.Release|Any CPU.Build.0 = Release|Any CPU
		{F13F13C8-8B8B-8291-8B1F-4F53B835F1D7}.Debug|Any CPU.ActiveCfg = Debug|Any CPU
		{F13F13C8-8B8B-8291-8B1F-4F53B835F1D7}.Debug|Any CPU.Build.0 = Debug|Any CPU
		{F13F13C8-8B8B-8291-8B1F-4F53B835F1D7}.Release|Any CPU.ActiveCfg = Release|Any CPU
		{F13F13C8-8B8B-8291-8B1F-4F53B835F1D7}.Release|Any CPU.Build.0 = Release|Any CPU
		{5C67C5EC-4C67-DCDF-33BB-D128D4F730A8}.Debug|Any CPU.ActiveCfg = Debug|Any CPU
		{5C67C5EC-4C67-DCDF-33BB-D128D4F730A8}.Debug|Any CPU.Build.0 = Debug|Any CPU
		{5C67C5EC-4C67-DCDF-33BB-D128D4F730A8}.Release|Any CPU.ActiveCfg = Release|Any CPU
		{5C67C5EC-4C67-DCDF-33BB-D128D4F730A8}.Release|Any CPU.Build.0 = Release|Any CPU
		{4F164705-03B1-CB56-709D-1361F214F3BF}.Debug|Any CPU.ActiveCfg = Debug|Any CPU
		{4F164705-03B1-CB56-709D-1361F214F3BF}.Debug|Any CPU.Build.0 = Debug|Any CPU
		{4F164705-03B1-CB56-709D-1361F214F3BF}.Release|Any CPU.ActiveCfg = Release|Any CPU
		{4F164705-03B1-CB56-709D-1361F214F3BF}.Release|Any CPU.Build.0 = Release|Any CPU
		{6404BCF7-2165-9710-E5FB-53DC1ED2137E}.Debug|Any CPU.ActiveCfg = Debug|Any CPU
		{6404BCF7-2165-9710-E5FB-53DC1ED2137E}.Debug|Any CPU.Build.0 = Debug|Any CPU
		{6404BCF7-2165-9710-E5FB-53DC1ED2137E}.Release|Any CPU.ActiveCfg = Release|Any CPU
		{6404BCF7-2165-9710-E5FB-53DC1ED2137E}.Release|Any CPU.Build.0 = Release|Any CPU
		{2AAC084E-3ACB-5C82-FC05-AD74EBEC4CA7}.Debug|Any CPU.ActiveCfg = Debug|Any CPU
		{2AAC084E-3ACB-5C82-FC05-AD74EBEC4CA7}.Debug|Any CPU.Build.0 = Debug|Any CPU
		{2AAC084E-3ACB-5C82-FC05-AD74EBEC4CA7}.Release|Any CPU.ActiveCfg = Release|Any CPU
		{2AAC084E-3ACB-5C82-FC05-AD74EBEC4CA7}.Release|Any CPU.Build.0 = Release|Any CPU
		{BFCC916B-E692-7F70-EFC8-1F8D060DFC2E}.Debug|Any CPU.ActiveCfg = Debug|Any CPU
		{BFCC916B-E692-7F70-EFC8-1F8D060DFC2E}.Debug|Any CPU.Build.0 = Debug|Any CPU
		{BFCC916B-E692-7F70-EFC8-1F8D060DFC2E}.Release|Any CPU.ActiveCfg = Release|Any CPU
		{BFCC916B-E692-7F70-EFC8-1F8D060DFC2E}.Release|Any CPU.Build.0 = Release|Any CPU
		{C08ED6B4-05BC-9831-E5FF-6C81BC39B4C3}.Debug|Any CPU.ActiveCfg = Debug|Any CPU
		{C08ED6B4-05BC-9831-E5FF-6C81BC39B4C3}.Debug|Any CPU.Build.0 = Debug|Any CPU
		{C08ED6B4-05BC-9831-E5FF-6C81BC39B4C3}.Release|Any CPU.ActiveCfg = Release|Any CPU
		{C08ED6B4-05BC-9831-E5FF-6C81BC39B4C3}.Release|Any CPU.Build.0 = Release|Any CPU
		{8C9DFFC9-61FE-AB1A-1C94-FC90081C5607}.Debug|Any CPU.ActiveCfg = Debug|Any CPU
		{8C9DFFC9-61FE-AB1A-1C94-FC90081C5607}.Debug|Any CPU.Build.0 = Debug|Any CPU
		{8C9DFFC9-61FE-AB1A-1C94-FC90081C5607}.Release|Any CPU.ActiveCfg = Release|Any CPU
		{8C9DFFC9-61FE-AB1A-1C94-FC90081C5607}.Release|Any CPU.Build.0 = Release|Any CPU
		{1A961EA7-8F02-34CA-34EE-1CC5B8CD57C2}.Debug|Any CPU.ActiveCfg = Debug|Any CPU
		{1A961EA7-8F02-34CA-34EE-1CC5B8CD57C2}.Debug|Any CPU.Build.0 = Debug|Any CPU
		{1A961EA7-8F02-34CA-34EE-1CC5B8CD57C2}.Release|Any CPU.ActiveCfg = Release|Any CPU
		{1A961EA7-8F02-34CA-34EE-1CC5B8CD57C2}.Release|Any CPU.Build.0 = Release|Any CPU
		{EF44CD43-8EFC-28A8-D08B-931FBD569697}.Debug|Any CPU.ActiveCfg = Debug|Any CPU
		{EF44CD43-8EFC-28A8-D08B-931FBD569697}.Debug|Any CPU.Build.0 = Debug|Any CPU
		{EF44CD43-8EFC-28A8-D08B-931FBD569697}.Release|Any CPU.ActiveCfg = Release|Any CPU
		{EF44CD43-8EFC-28A8-D08B-931FBD569697}.Release|Any CPU.Build.0 = Release|Any CPU
		{8DDDBC8F-8882-F4D8-4936-BA36BB73840A}.Debug|Any CPU.ActiveCfg = Debug|Any CPU
		{8DDDBC8F-8882-F4D8-4936-BA36BB73840A}.Debug|Any CPU.Build.0 = Debug|Any CPU
		{8DDDBC8F-8882-F4D8-4936-BA36BB73840A}.Release|Any CPU.ActiveCfg = Release|Any CPU
		{8DDDBC8F-8882-F4D8-4936-BA36BB73840A}.Release|Any CPU.Build.0 = Release|Any CPU
		{B9E1838C-5B1A-06A5-A269-866EE630E4D3}.Debug|Any CPU.ActiveCfg = Debug|Any CPU
		{B9E1838C-5B1A-06A5-A269-866EE630E4D3}.Debug|Any CPU.Build.0 = Debug|Any CPU
		{B9E1838C-5B1A-06A5-A269-866EE630E4D3}.Release|Any CPU.ActiveCfg = Release|Any CPU
		{B9E1838C-5B1A-06A5-A269-866EE630E4D3}.Release|Any CPU.Build.0 = Release|Any CPU
		{1686F218-0D0E-7971-5472-BC230F676722}.Debug|Any CPU.ActiveCfg = Debug|Any CPU
		{1686F218-0D0E-7971-5472-BC230F676722}.Debug|Any CPU.Build.0 = Debug|Any CPU
		{1686F218-0D0E-7971-5472-BC230F676722}.Release|Any CPU.ActiveCfg = Release|Any CPU
		{1686F218-0D0E-7971-5472-BC230F676722}.Release|Any CPU.Build.0 = Release|Any CPU
		{6D1060DF-C137-1AFE-1A84-5E8B719C0503}.Debug|Any CPU.ActiveCfg = Debug|Any CPU
		{6D1060DF-C137-1AFE-1A84-5E8B719C0503}.Debug|Any CPU.Build.0 = Debug|Any CPU
		{6D1060DF-C137-1AFE-1A84-5E8B719C0503}.Release|Any CPU.ActiveCfg = Release|Any CPU
		{6D1060DF-C137-1AFE-1A84-5E8B719C0503}.Release|Any CPU.Build.0 = Release|Any CPU
		{DAAEF101-7AAE-FC13-DD77-9F0930BE018D}.Debug|Any CPU.ActiveCfg = Debug|Any CPU
		{DAAEF101-7AAE-FC13-DD77-9F0930BE018D}.Debug|Any CPU.Build.0 = Debug|Any CPU
		{DAAEF101-7AAE-FC13-DD77-9F0930BE018D}.Release|Any CPU.ActiveCfg = Release|Any CPU
		{DAAEF101-7AAE-FC13-DD77-9F0930BE018D}.Release|Any CPU.Build.0 = Release|Any CPU
		{3157874B-CB70-FD64-BE91-B6F50ED0FCC5}.Debug|Any CPU.ActiveCfg = Debug|Any CPU
		{3157874B-CB70-FD64-BE91-B6F50ED0FCC5}.Debug|Any CPU.Build.0 = Debug|Any CPU
		{3157874B-CB70-FD64-BE91-B6F50ED0FCC5}.Release|Any CPU.ActiveCfg = Release|Any CPU
		{3157874B-CB70-FD64-BE91-B6F50ED0FCC5}.Release|Any CPU.Build.0 = Release|Any CPU
		{E1654ADA-6CBD-2419-1015-B5A90E37C557}.Debug|Any CPU.ActiveCfg = Debug|Any CPU
		{E1654ADA-6CBD-2419-1015-B5A90E37C557}.Debug|Any CPU.Build.0 = Debug|Any CPU
		{E1654ADA-6CBD-2419-1015-B5A90E37C557}.Release|Any CPU.ActiveCfg = Release|Any CPU
		{E1654ADA-6CBD-2419-1015-B5A90E37C557}.Release|Any CPU.Build.0 = Release|Any CPU
		{29E8F056-121E-A61A-C0C9-740C33D864F1}.Debug|Any CPU.ActiveCfg = Debug|Any CPU
		{29E8F056-121E-A61A-C0C9-740C33D864F1}.Debug|Any CPU.Build.0 = Debug|Any CPU
		{29E8F056-121E-A61A-C0C9-740C33D864F1}.Release|Any CPU.ActiveCfg = Release|Any CPU
		{29E8F056-121E-A61A-C0C9-740C33D864F1}.Release|Any CPU.Build.0 = Release|Any CPU
		{014F246F-CD3B-4E0F-276E-C8032905F7B9}.Debug|Any CPU.ActiveCfg = Debug|Any CPU
		{014F246F-CD3B-4E0F-276E-C8032905F7B9}.Debug|Any CPU.Build.0 = Debug|Any CPU
		{014F246F-CD3B-4E0F-276E-C8032905F7B9}.Release|Any CPU.ActiveCfg = Release|Any CPU
		{014F246F-CD3B-4E0F-276E-C8032905F7B9}.Release|Any CPU.Build.0 = Release|Any CPU
		{19831B84-373F-2244-42E3-A6A9012F4ED4}.Debug|Any CPU.ActiveCfg = Debug|Any CPU
		{19831B84-373F-2244-42E3-A6A9012F4ED4}.Debug|Any CPU.Build.0 = Debug|Any CPU
		{19831B84-373F-2244-42E3-A6A9012F4ED4}.Release|Any CPU.ActiveCfg = Release|Any CPU
		{19831B84-373F-2244-42E3-A6A9012F4ED4}.Release|Any CPU.Build.0 = Release|Any CPU
		{251C97A9-80BA-C715-BE65-FA1AD6EA66C6}.Debug|Any CPU.ActiveCfg = Debug|Any CPU
		{251C97A9-80BA-C715-BE65-FA1AD6EA66C6}.Debug|Any CPU.Build.0 = Debug|Any CPU
		{251C97A9-80BA-C715-BE65-FA1AD6EA66C6}.Release|Any CPU.ActiveCfg = Release|Any CPU
		{251C97A9-80BA-C715-BE65-FA1AD6EA66C6}.Release|Any CPU.Build.0 = Release|Any CPU
		{F5552FBF-F7FE-1750-69CD-CFF3D24C3991}.Debug|Any CPU.ActiveCfg = Debug|Any CPU
		{F5552FBF-F7FE-1750-69CD-CFF3D24C3991}.Debug|Any CPU.Build.0 = Debug|Any CPU
		{F5552FBF-F7FE-1750-69CD-CFF3D24C3991}.Release|Any CPU.ActiveCfg = Release|Any CPU
		{F5552FBF-F7FE-1750-69CD-CFF3D24C3991}.Release|Any CPU.Build.0 = Release|Any CPU
		{61D53433-AB56-854D-B14B-57A47ADD1F58}.Debug|Any CPU.ActiveCfg = Debug|Any CPU
		{61D53433-AB56-854D-B14B-57A47ADD1F58}.Debug|Any CPU.Build.0 = Debug|Any CPU
		{61D53433-AB56-854D-B14B-57A47ADD1F58}.Release|Any CPU.ActiveCfg = Release|Any CPU
		{61D53433-AB56-854D-B14B-57A47ADD1F58}.Release|Any CPU.Build.0 = Release|Any CPU
		{F13DC055-1A48-45C8-07E0-5F3940077DF1}.Debug|Any CPU.ActiveCfg = Debug|Any CPU
		{F13DC055-1A48-45C8-07E0-5F3940077DF1}.Debug|Any CPU.Build.0 = Debug|Any CPU
		{F13DC055-1A48-45C8-07E0-5F3940077DF1}.Release|Any CPU.ActiveCfg = Release|Any CPU
		{F13DC055-1A48-45C8-07E0-5F3940077DF1}.Release|Any CPU.Build.0 = Release|Any CPU
		{B9D9F6B0-93C5-1675-87AE-F3C62F1B022F}.Debug|Any CPU.ActiveCfg = Debug|Any CPU
		{B9D9F6B0-93C5-1675-87AE-F3C62F1B022F}.Debug|Any CPU.Build.0 = Debug|Any CPU
		{B9D9F6B0-93C5-1675-87AE-F3C62F1B022F}.Release|Any CPU.ActiveCfg = Release|Any CPU
		{B9D9F6B0-93C5-1675-87AE-F3C62F1B022F}.Release|Any CPU.Build.0 = Release|Any CPU
		{F50CF553-6CC2-FF26-CDC4-8ED32FC8995F}.Debug|Any CPU.ActiveCfg = Debug|Any CPU
		{F50CF553-6CC2-FF26-CDC4-8ED32FC8995F}.Debug|Any CPU.Build.0 = Debug|Any CPU
		{F50CF553-6CC2-FF26-CDC4-8ED32FC8995F}.Release|Any CPU.ActiveCfg = Release|Any CPU
		{F50CF553-6CC2-FF26-CDC4-8ED32FC8995F}.Release|Any CPU.Build.0 = Release|Any CPU
		{9E0E88B3-DAA7-9C89-8447-5744A608428D}.Debug|Any CPU.ActiveCfg = Debug|Any CPU
		{9E0E88B3-DAA7-9C89-8447-5744A608428D}.Debug|Any CPU.Build.0 = Debug|Any CPU
		{9E0E88B3-DAA7-9C89-8447-5744A608428D}.Release|Any CPU.ActiveCfg = Release|Any CPU
		{9E0E88B3-DAA7-9C89-8447-5744A608428D}.Release|Any CPU.Build.0 = Release|Any CPU
		{8A81408B-B787-564A-8B22-7EC0360E0B79}.Debug|Any CPU.ActiveCfg = Debug|Any CPU
		{8A81408B-B787-564A-8B22-7EC0360E0B79}.Debug|Any CPU.Build.0 = Debug|Any CPU
		{8A81408B-B787-564A-8B22-7EC0360E0B79}.Release|Any CPU.ActiveCfg = Release|Any CPU
		{8A81408B-B787-564A-8B22-7EC0360E0B79}.Release|Any CPU.Build.0 = Release|Any CPU
		{816B1CDD-5783-A4B4-8044-DD2F82F8535C}.Debug|Any CPU.ActiveCfg = Debug|Any CPU
		{816B1CDD-5783-A4B4-8044-DD2F82F8535C}.Debug|Any CPU.Build.0 = Debug|Any CPU
		{816B1CDD-5783-A4B4-8044-DD2F82F8535C}.Release|Any CPU.ActiveCfg = Release|Any CPU
		{816B1CDD-5783-A4B4-8044-DD2F82F8535C}.Release|Any CPU.Build.0 = Release|Any CPU
		{B942F4C3-910D-01CB-8157-761820667083}.Debug|Any CPU.ActiveCfg = Debug|Any CPU
		{B942F4C3-910D-01CB-8157-761820667083}.Debug|Any CPU.Build.0 = Debug|Any CPU
		{B942F4C3-910D-01CB-8157-761820667083}.Release|Any CPU.ActiveCfg = Release|Any CPU
		{B942F4C3-910D-01CB-8157-761820667083}.Release|Any CPU.Build.0 = Release|Any CPU
		{3E0FA1F4-FF0D-A6DA-599E-C912D05DCC68}.Debug|Any CPU.ActiveCfg = Debug|Any CPU
		{3E0FA1F4-FF0D-A6DA-599E-C912D05DCC68}.Debug|Any CPU.Build.0 = Debug|Any CPU
		{3E0FA1F4-FF0D-A6DA-599E-C912D05DCC68}.Release|Any CPU.ActiveCfg = Release|Any CPU
		{3E0FA1F4-FF0D-A6DA-599E-C912D05DCC68}.Release|Any CPU.Build.0 = Release|Any CPU
		{8557557B-DF18-EBA1-7BB6-DF209BF46C5A}.Debug|Any CPU.ActiveCfg = Debug|Any CPU
		{8557557B-DF18-EBA1-7BB6-DF209BF46C5A}.Debug|Any CPU.Build.0 = Debug|Any CPU
		{8557557B-DF18-EBA1-7BB6-DF209BF46C5A}.Release|Any CPU.ActiveCfg = Release|Any CPU
		{8557557B-DF18-EBA1-7BB6-DF209BF46C5A}.Release|Any CPU.Build.0 = Release|Any CPU
		{5C27403A-18DF-9FA5-ABB6-74D7F470096E}.Debug|Any CPU.ActiveCfg = Debug|Any CPU
		{5C27403A-18DF-9FA5-ABB6-74D7F470096E}.Debug|Any CPU.Build.0 = Debug|Any CPU
		{5C27403A-18DF-9FA5-ABB6-74D7F470096E}.Release|Any CPU.ActiveCfg = Release|Any CPU
		{5C27403A-18DF-9FA5-ABB6-74D7F470096E}.Release|Any CPU.Build.0 = Release|Any CPU
		{D26A4CBC-2F3F-1AB5-443A-EBF11206EEF2}.Debug|Any CPU.ActiveCfg = Debug|Any CPU
		{D26A4CBC-2F3F-1AB5-443A-EBF11206EEF2}.Debug|Any CPU.Build.0 = Debug|Any CPU
		{D26A4CBC-2F3F-1AB5-443A-EBF11206EEF2}.Release|Any CPU.ActiveCfg = Release|Any CPU
		{D26A4CBC-2F3F-1AB5-443A-EBF11206EEF2}.Release|Any CPU.Build.0 = Release|Any CPU
		{CA16EE3A-049C-56A9-C886-2AD6BB5B015D}.Debug|Any CPU.ActiveCfg = Debug|Any CPU
		{CA16EE3A-049C-56A9-C886-2AD6BB5B015D}.Debug|Any CPU.Build.0 = Debug|Any CPU
		{CA16EE3A-049C-56A9-C886-2AD6BB5B015D}.Release|Any CPU.ActiveCfg = Release|Any CPU
		{CA16EE3A-049C-56A9-C886-2AD6BB5B015D}.Release|Any CPU.Build.0 = Release|Any CPU
		{7DF20ABB-28F3-5BCA-123E-AEAC30AA8149}.Debug|Any CPU.ActiveCfg = Debug|Any CPU
		{7DF20ABB-28F3-5BCA-123E-AEAC30AA8149}.Debug|Any CPU.Build.0 = Debug|Any CPU
		{7DF20ABB-28F3-5BCA-123E-AEAC30AA8149}.Release|Any CPU.ActiveCfg = Release|Any CPU
		{7DF20ABB-28F3-5BCA-123E-AEAC30AA8149}.Release|Any CPU.Build.0 = Release|Any CPU
		{9D943BB5-407D-2DBA-1C5F-0BF650758FF1}.Debug|Any CPU.ActiveCfg = Debug|Any CPU
		{9D943BB5-407D-2DBA-1C5F-0BF650758FF1}.Debug|Any CPU.Build.0 = Debug|Any CPU
		{9D943BB5-407D-2DBA-1C5F-0BF650758FF1}.Release|Any CPU.ActiveCfg = Release|Any CPU
		{9D943BB5-407D-2DBA-1C5F-0BF650758FF1}.Release|Any CPU.Build.0 = Release|Any CPU
		{F9F28D7A-9F6B-F727-2FC5-17BB6E101589}.Debug|Any CPU.ActiveCfg = Debug|Any CPU
		{F9F28D7A-9F6B-F727-2FC5-17BB6E101589}.Debug|Any CPU.Build.0 = Debug|Any CPU
		{F9F28D7A-9F6B-F727-2FC5-17BB6E101589}.Release|Any CPU.ActiveCfg = Release|Any CPU
		{F9F28D7A-9F6B-F727-2FC5-17BB6E101589}.Release|Any CPU.Build.0 = Release|Any CPU
		{52D42FA2-C595-1C2E-7246-6413A4FBD5AD}.Debug|Any CPU.ActiveCfg = Debug|Any CPU
		{52D42FA2-C595-1C2E-7246-6413A4FBD5AD}.Debug|Any CPU.Build.0 = Debug|Any CPU
		{52D42FA2-C595-1C2E-7246-6413A4FBD5AD}.Release|Any CPU.ActiveCfg = Release|Any CPU
		{52D42FA2-C595-1C2E-7246-6413A4FBD5AD}.Release|Any CPU.Build.0 = Release|Any CPU
		{FD0A4926-337D-3441-68D1-70A4FB23BA57}.Debug|Any CPU.ActiveCfg = Debug|Any CPU
		{FD0A4926-337D-3441-68D1-70A4FB23BA57}.Debug|Any CPU.Build.0 = Debug|Any CPU
		{FD0A4926-337D-3441-68D1-70A4FB23BA57}.Release|Any CPU.ActiveCfg = Release|Any CPU
		{FD0A4926-337D-3441-68D1-70A4FB23BA57}.Release|Any CPU.Build.0 = Release|Any CPU
		{16C2D1F7-98AA-D6F0-0D3F-CE605A9B22B4}.Debug|Any CPU.ActiveCfg = Debug|Any CPU
		{16C2D1F7-98AA-D6F0-0D3F-CE605A9B22B4}.Debug|Any CPU.Build.0 = Debug|Any CPU
		{16C2D1F7-98AA-D6F0-0D3F-CE605A9B22B4}.Release|Any CPU.ActiveCfg = Release|Any CPU
		{16C2D1F7-98AA-D6F0-0D3F-CE605A9B22B4}.Release|Any CPU.Build.0 = Release|Any CPU
		{A4C60A19-B923-83A3-37A4-FED6A007F7FA}.Debug|Any CPU.ActiveCfg = Debug|Any CPU
		{A4C60A19-B923-83A3-37A4-FED6A007F7FA}.Debug|Any CPU.Build.0 = Debug|Any CPU
		{A4C60A19-B923-83A3-37A4-FED6A007F7FA}.Release|Any CPU.ActiveCfg = Release|Any CPU
		{A4C60A19-B923-83A3-37A4-FED6A007F7FA}.Release|Any CPU.Build.0 = Release|Any CPU
		{3D9A207E-27E0-0106-E80E-34AF7D939887}.Debug|Any CPU.ActiveCfg = Debug|Any CPU
		{3D9A207E-27E0-0106-E80E-34AF7D939887}.Debug|Any CPU.Build.0 = Debug|Any CPU
		{3D9A207E-27E0-0106-E80E-34AF7D939887}.Release|Any CPU.ActiveCfg = Release|Any CPU
		{3D9A207E-27E0-0106-E80E-34AF7D939887}.Release|Any CPU.Build.0 = Release|Any CPU
		{247A4875-3249-B8AB-97BF-F0AA0216782A}.Debug|Any CPU.ActiveCfg = Debug|Any CPU
		{247A4875-3249-B8AB-97BF-F0AA0216782A}.Debug|Any CPU.Build.0 = Debug|Any CPU
		{247A4875-3249-B8AB-97BF-F0AA0216782A}.Release|Any CPU.ActiveCfg = Release|Any CPU
		{247A4875-3249-B8AB-97BF-F0AA0216782A}.Release|Any CPU.Build.0 = Release|Any CPU
		{770AAF4A-9F77-4AB1-1084-4AEB46D4753F}.Debug|Any CPU.ActiveCfg = Debug|Any CPU
		{770AAF4A-9F77-4AB1-1084-4AEB46D4753F}.Debug|Any CPU.Build.0 = Debug|Any CPU
		{770AAF4A-9F77-4AB1-1084-4AEB46D4753F}.Release|Any CPU.ActiveCfg = Release|Any CPU
		{770AAF4A-9F77-4AB1-1084-4AEB46D4753F}.Release|Any CPU.Build.0 = Release|Any CPU
		{A841821B-1F55-3441-26D5-EABB01AAF2C8}.Debug|Any CPU.ActiveCfg = Debug|Any CPU
		{A841821B-1F55-3441-26D5-EABB01AAF2C8}.Debug|Any CPU.Build.0 = Debug|Any CPU
		{A841821B-1F55-3441-26D5-EABB01AAF2C8}.Release|Any CPU.ActiveCfg = Release|Any CPU
		{A841821B-1F55-3441-26D5-EABB01AAF2C8}.Release|Any CPU.Build.0 = Release|Any CPU
		{1E6EB886-4198-0E49-2A09-43E6C276B93F}.Debug|Any CPU.ActiveCfg = Debug|Any CPU
		{1E6EB886-4198-0E49-2A09-43E6C276B93F}.Debug|Any CPU.Build.0 = Debug|Any CPU
		{1E6EB886-4198-0E49-2A09-43E6C276B93F}.Release|Any CPU.ActiveCfg = Release|Any CPU
		{1E6EB886-4198-0E49-2A09-43E6C276B93F}.Release|Any CPU.Build.0 = Release|Any CPU
		{780A7418-655D-0097-8A7D-2744FAA4095D}.Debug|Any CPU.ActiveCfg = Debug|Any CPU
		{780A7418-655D-0097-8A7D-2744FAA4095D}.Debug|Any CPU.Build.0 = Debug|Any CPU
		{780A7418-655D-0097-8A7D-2744FAA4095D}.Release|Any CPU.ActiveCfg = Release|Any CPU
		{780A7418-655D-0097-8A7D-2744FAA4095D}.Release|Any CPU.Build.0 = Release|Any CPU
		{BB26FB1C-079E-E910-3784-43BD3A64A8E3}.Debug|Any CPU.ActiveCfg = Debug|Any CPU
		{BB26FB1C-079E-E910-3784-43BD3A64A8E3}.Debug|Any CPU.Build.0 = Debug|Any CPU
		{BB26FB1C-079E-E910-3784-43BD3A64A8E3}.Release|Any CPU.ActiveCfg = Release|Any CPU
		{BB26FB1C-079E-E910-3784-43BD3A64A8E3}.Release|Any CPU.Build.0 = Release|Any CPU
		{7AE06E8A-D55B-4FBB-AE57-9D256909C675}.Debug|Any CPU.ActiveCfg = Debug|Any CPU
		{7AE06E8A-D55B-4FBB-AE57-9D256909C675}.Debug|Any CPU.Build.0 = Debug|Any CPU
		{7AE06E8A-D55B-4FBB-AE57-9D256909C675}.Release|Any CPU.ActiveCfg = Release|Any CPU
		{7AE06E8A-D55B-4FBB-AE57-9D256909C675}.Release|Any CPU.Build.0 = Release|Any CPU
		{48317918-250D-0045-159B-30E9379C25BA}.Debug|Any CPU.ActiveCfg = Debug|Any CPU
		{48317918-250D-0045-159B-30E9379C25BA}.Debug|Any CPU.Build.0 = Debug|Any CPU
		{48317918-250D-0045-159B-30E9379C25BA}.Release|Any CPU.ActiveCfg = Release|Any CPU
		{48317918-250D-0045-159B-30E9379C25BA}.Release|Any CPU.Build.0 = Release|Any CPU
		{D6FAB97F-4B32-35F3-5EDE-BE0A98E2931C}.Debug|Any CPU.ActiveCfg = Debug|Any CPU
		{D6FAB97F-4B32-35F3-5EDE-BE0A98E2931C}.Debug|Any CPU.Build.0 = Debug|Any CPU
		{D6FAB97F-4B32-35F3-5EDE-BE0A98E2931C}.Release|Any CPU.ActiveCfg = Release|Any CPU
		{D6FAB97F-4B32-35F3-5EDE-BE0A98E2931C}.Release|Any CPU.Build.0 = Release|Any CPU
		{5E39969B-296E-2DEC-B224-1D26E0FED49D}.Debug|Any CPU.ActiveCfg = Debug|Any CPU
		{5E39969B-296E-2DEC-B224-1D26E0FED49D}.Debug|Any CPU.Build.0 = Debug|Any CPU
		{5E39969B-296E-2DEC-B224-1D26E0FED49D}.Release|Any CPU.ActiveCfg = Release|Any CPU
		{5E39969B-296E-2DEC-B224-1D26E0FED49D}.Release|Any CPU.Build.0 = Release|Any CPU
		{12C81148-7B13-C72F-98FA-84B59AF6FB9F}.Debug|Any CPU.ActiveCfg = Debug|Any CPU
		{12C81148-7B13-C72F-98FA-84B59AF6FB9F}.Debug|Any CPU.Build.0 = Debug|Any CPU
		{12C81148-7B13-C72F-98FA-84B59AF6FB9F}.Release|Any CPU.ActiveCfg = Release|Any CPU
		{12C81148-7B13-C72F-98FA-84B59AF6FB9F}.Release|Any CPU.Build.0 = Release|Any CPU
		{9167E63C-53BB-6F04-F4F1-07E88D4A864E}.Debug|Any CPU.ActiveCfg = Debug|Any CPU
		{9167E63C-53BB-6F04-F4F1-07E88D4A864E}.Debug|Any CPU.Build.0 = Debug|Any CPU
		{9167E63C-53BB-6F04-F4F1-07E88D4A864E}.Release|Any CPU.ActiveCfg = Release|Any CPU
		{9167E63C-53BB-6F04-F4F1-07E88D4A864E}.Release|Any CPU.Build.0 = Release|Any CPU
		{44484971-CB90-0543-B523-12CE0FD605DB}.Debug|Any CPU.ActiveCfg = Debug|Any CPU
		{44484971-CB90-0543-B523-12CE0FD605DB}.Debug|Any CPU.Build.0 = Debug|Any CPU
		{44484971-CB90-0543-B523-12CE0FD605DB}.Release|Any CPU.ActiveCfg = Release|Any CPU
		{44484971-CB90-0543-B523-12CE0FD605DB}.Release|Any CPU.Build.0 = Release|Any CPU
		{5D4FD6D8-3051-149A-8A28-E85D8B444C02}.Debug|Any CPU.ActiveCfg = Debug|Any CPU
		{5D4FD6D8-3051-149A-8A28-E85D8B444C02}.Debug|Any CPU.Build.0 = Debug|Any CPU
		{5D4FD6D8-3051-149A-8A28-E85D8B444C02}.Release|Any CPU.ActiveCfg = Release|Any CPU
		{5D4FD6D8-3051-149A-8A28-E85D8B444C02}.Release|Any CPU.Build.0 = Release|Any CPU
		{8466162B-CA20-A354-7294-44D8BCFC6F99}.Debug|Any CPU.ActiveCfg = Debug|Any CPU
		{8466162B-CA20-A354-7294-44D8BCFC6F99}.Debug|Any CPU.Build.0 = Debug|Any CPU
		{8466162B-CA20-A354-7294-44D8BCFC6F99}.Release|Any CPU.ActiveCfg = Release|Any CPU
		{8466162B-CA20-A354-7294-44D8BCFC6F99}.Release|Any CPU.Build.0 = Release|Any CPU
		{C4DBF4E5-B418-324E-16CE-DF785F56A35E}.Debug|Any CPU.ActiveCfg = Debug|Any CPU
		{C4DBF4E5-B418-324E-16CE-DF785F56A35E}.Debug|Any CPU.Build.0 = Debug|Any CPU
		{C4DBF4E5-B418-324E-16CE-DF785F56A35E}.Release|Any CPU.ActiveCfg = Release|Any CPU
		{C4DBF4E5-B418-324E-16CE-DF785F56A35E}.Release|Any CPU.Build.0 = Release|Any CPU
		{FC4293F7-747E-3C03-429B-4947CB1CB094}.Debug|Any CPU.ActiveCfg = Debug|Any CPU
		{FC4293F7-747E-3C03-429B-4947CB1CB094}.Debug|Any CPU.Build.0 = Debug|Any CPU
		{FC4293F7-747E-3C03-429B-4947CB1CB094}.Release|Any CPU.ActiveCfg = Release|Any CPU
		{FC4293F7-747E-3C03-429B-4947CB1CB094}.Release|Any CPU.Build.0 = Release|Any CPU
		{88CF79A9-454D-3A23-2991-315907F91483}.Debug|Any CPU.ActiveCfg = Debug|Any CPU
		{88CF79A9-454D-3A23-2991-315907F91483}.Debug|Any CPU.Build.0 = Debug|Any CPU
		{88CF79A9-454D-3A23-2991-315907F91483}.Release|Any CPU.ActiveCfg = Release|Any CPU
		{88CF79A9-454D-3A23-2991-315907F91483}.Release|Any CPU.Build.0 = Release|Any CPU
		{A96EBF49-2248-3AAC-DF3B-2CAE6E3F4D3D}.Debug|Any CPU.ActiveCfg = Debug|Any CPU
		{A96EBF49-2248-3AAC-DF3B-2CAE6E3F4D3D}.Debug|Any CPU.Build.0 = Debug|Any CPU
		{A96EBF49-2248-3AAC-DF3B-2CAE6E3F4D3D}.Release|Any CPU.ActiveCfg = Release|Any CPU
		{A96EBF49-2248-3AAC-DF3B-2CAE6E3F4D3D}.Release|Any CPU.Build.0 = Release|Any CPU
		{816C9A32-163F-9891-7239-B3DF5894927B}.Debug|Any CPU.ActiveCfg = Debug|Any CPU
		{816C9A32-163F-9891-7239-B3DF5894927B}.Debug|Any CPU.Build.0 = Debug|Any CPU
		{816C9A32-163F-9891-7239-B3DF5894927B}.Release|Any CPU.ActiveCfg = Release|Any CPU
		{816C9A32-163F-9891-7239-B3DF5894927B}.Release|Any CPU.Build.0 = Release|Any CPU
	EndGlobalSection
	GlobalSection(SolutionProperties) = preSolution
		HideSolutionNode = FALSE
	EndGlobalSection
EndGlobal
